PODS:
  - google-cast-sdk (4.8.4)
  - MobileVLCKit (3.7.1)

DEPENDENCIES:
  - google-cast-sdk
  - MobileVLCKit (~> 3.6)

SPEC REPOS:
  trunk:
    - google-cast-sdk
    - MobileVLCKit

SPEC CHECKSUMS:
  google-cast-sdk: 32f65af50d164e3c475e79ad123db3cc26fbcd37
  MobileVLCKit: 8692c27d106f409f97074d145860cfa1e7b59e5c

PODFILE CHECKSUM: 61762be913bed8f587b2a22278c26318b7200f6e

COCOAPODS: 1.16.2
